// !$*UTF8*$!
{
	archiveVersion = 1;
	classes = {
	};
	objectVersion = 50;
	objects = {

/* Begin PBXBuildFile section */
		DCDF2335259763860097B7A1 /* AppDelegate.swift in Sources */ = {isa = PBXBuildFile; fileRef = DCDF2334259763860097B7A1 /* AppDelegate.swift */; };
		DCDF2337259763860097B7A1 /* SceneDelegate.swift in Sources */ = {isa = PBXBuildFile; fileRef = DCDF2336259763860097B7A1 /* SceneDelegate.swift */; };
		DCDF2339259763860097B7A1 /* ContentView.swift in Sources */ = {isa = PBXBuildFile; fileRef = DCDF2338259763860097B7A1 /* ContentView.swift */; };
		DCDF233B259763890097B7A1 /* Assets.xcassets in Resources */ = {isa = PBXBuildFile; fileRef = DCDF233A259763890097B7A1 /* Assets.xcassets */; };
		DCDF233E259763890097B7A1 /* Preview Assets.xcassets in Resources */ = {isa = PBXBuildFile; fileRef = DCDF233D259763890097B7A1 /* Preview Assets.xcassets */; };
		DCDF2341259763890097B7A1 /* LaunchScreen.storyboard in Resources */ = {isa = PBXBuildFile; fileRef = DCDF233F259763890097B7A1 /* LaunchScreen.storyboard */; };
		DCDF234C259763890097B7A1 /* buttonDemoTests.swift in Sources */ = {isa = PBXBuildFile; fileRef = DCDF234B259763890097B7A1 /* buttonDemoTests.swift */; };
		DCDF2357259763890097B7A1 /* buttonDemoUITests.swift in Sources */ = {isa = PBXBuildFile; fileRef = DCDF2356259763890097B7A1 /* buttonDemoUITests.swift */; };
/* End PBXBuildFile section */

/* Begin PBXContainerItemProxy section */
		DCDF2348259763890097B7A1 /* PBXContainerItemProxy */ = {
			isa = PBXContainerItemProxy;
			containerPortal = DCDF2329259763860097B7A1 /* Project object */;
			proxyType = 1;
			remoteGlobalIDString = DCDF2330259763860097B7A1;
			remoteInfo = buttonDemo;
		};
		DCDF2353259763890097B7A1 /* PBXContainerItemProxy */ = {
			isa = PBXContainerItemProxy;
			containerPortal = DCDF2329259763860097B7A1 /* Project object */;
			proxyType = 1;
			remoteGlobalIDString = DCDF2330259763860097B7A1;
			remoteInfo = buttonDemo;
		};
/* End PBXContainerItemProxy section */

/* Begin PBXFileReference section */
		DCDF2331259763860097B7A1 /* buttonDemo.app */ = {isa = PBXFileReference; explicitFileType = wrapper.application; includeInIndex = 0; path = buttonDemo.app; sourceTree = BUILT_PRODUCTS_DIR; };
		DCDF2334259763860097B7A1 /* AppDelegate.swift */ = {isa = PBXFileReference; lastKnownFileType = sourcecode.swift; path = AppDelegate.swift; sourceTree = "<group>"; };
		DCDF2336259763860097B7A1 /* SceneDelegate.swift */ = {isa = PBXFileReference; lastKnownFileType = sourcecode.swift; path = SceneDelegate.swift; sourceTree = "<group>"; };
		DCDF2338259763860097B7A1 /* ContentView.swift */ = {isa = PBXFileReference; lastKnownFileType = sourcecode.swift; path = ContentView.swift; sourceTree = "<group>"; };
		DCDF233A259763890097B7A1 /* Assets.xcassets */ = {isa = PBXFileReference; lastKnownFileType = folder.assetcatalog; path = Assets.xcassets; sourceTree = "<group>"; };
		DCDF233D259763890097B7A1 /* Preview Assets.xcassets */ = {isa = PBXFileReference; lastKnownFileType = folder.assetcatalog; path = "Preview Assets.xcassets"; sourceTree = "<group>"; };
		DCDF2340259763890097B7A1 /* Base */ = {isa = PBXFileReference; lastKnownFileType = file.storyboard; name = Base; path = Base.lproj/LaunchScreen.storyboard; sourceTree = "<group>"; };
		DCDF2342259763890097B7A1 /* Info.plist */ = {isa = PBXFileReference; lastKnownFileType = text.plist.xml; path = Info.plist; sourceTree = "<group>"; };
		DCDF2347259763890097B7A1 /* buttonDemoTests.xctest */ = {isa = PBXFileReference; explicitFileType = wrapper.cfbundle; includeInIndex = 0; path = buttonDemoTests.xctest; sourceTree = BUILT_PRODUCTS_DIR; };
		DCDF234B259763890097B7A1 /* buttonDemoTests.swift */ = {isa = PBXFileReference; lastKnownFileType = sourcecode.swift; path = buttonDemoTests.swift; sourceTree = "<group>"; };
		DCDF234D259763890097B7A1 /* Info.plist */ = {isa = PBXFileReference; lastKnownFileType = text.plist.xml; path = Info.plist; sourceTree = "<group>"; };
		DCDF2352259763890097B7A1 /* buttonDemoUITests.xctest */ = {isa = PBXFileReference; explicitFileType = wrapper.cfbundle; includeInIndex = 0; path = buttonDemoUITests.xctest; sourceTree = BUILT_PRODUCTS_DIR; };
		DCDF2356259763890097B7A1 /* buttonDemoUITests.swift */ = {isa = PBXFileReference; lastKnownFileType = sourcecode.swift; path = buttonDemoUITests.swift; sourceTree = "<group>"; };
		DCDF2358259763890097B7A1 /* Info.plist */ = {isa = PBXFileReference; lastKnownFileType = text.plist.xml; path = Info.plist; sourceTree = "<group>"; };
/* End PBXFileReference section */

/* Begin PBXFrameworksBuildPhase section */
		DCDF232E259763860097B7A1 /* Frameworks */ = {
			isa = PBXFrameworksBuildPhase;
			buildActionMask = 2147483647;
			files = (
			);
			runOnlyForDeploymentPostprocessing = 0;
		};
		DCDF2344259763890097B7A1 /* Frameworks */ = {
			isa = PBXFrameworksBuildPhase;
			buildActionMask = 2147483647;
			files = (
			);
			runOnlyForDeploymentPostprocessing = 0;
		};
		DCDF234F259763890097B7A1 /* Frameworks */ = {
			isa = PBXFrameworksBuildPhase;
			buildActionMask = 2147483647;
			files = (
			);
			runOnlyForDeploymentPostprocessing = 0;
		};
/* End PBXFrameworksBuildPhase section */

/* Begin PBXGroup section */
		DCDF2328259763860097B7A1 = {
			isa = PBXGroup;
			children = (
				DCDF2333259763860097B7A1 /* buttonDemo */,
				DCDF234A259763890097B7A1 /* buttonDemoTests */,
				DCDF2355259763890097B7A1 /* buttonDemoUITests */,
				DCDF2332259763860097B7A1 /* Products */,
			);
			sourceTree = "<group>";
		};
		DCDF2332259763860097B7A1 /* Products */ = {
			isa = PBXGroup;
			children = (
				DCDF2331259763860097B7A1 /* buttonDemo.app */,
				DCDF2347259763890097B7A1 /* buttonDemoTests.xctest */,
				DCDF2352259763890097B7A1 /* buttonDemoUITests.xctest */,
			);
			name = Products;
			sourceTree = "<group>";
		};
		DCDF2333259763860097B7A1 /* buttonDemo */ = {
			isa = PBXGroup;
			children = (
				DCDF2334259763860097B7A1 /* AppDelegate.swift */,
				DCDF2336259763860097B7A1 /* SceneDelegate.swift */,
				DCDF2338259763860097B7A1 /* ContentView.swift */,
				DCDF233A259763890097B7A1 /* Assets.xcassets */,
				DCDF233F259763890097B7A1 /* LaunchScreen.storyboard */,
				DCDF2342259763890097B7A1 /* Info.plist */,
				DCDF233C259763890097B7A1 /* Preview Content */,
			);
			path = buttonDemo;
			sourceTree = "<group>";
		};
		DCDF233C259763890097B7A1 /* Preview Content */ = {
			isa = PBXGroup;
			children = (
				DCDF233D259763890097B7A1 /* Preview Assets.xcassets */,
			);
			path = "Preview Content";
			sourceTree = "<group>";
		};
		DCDF234A259763890097B7A1 /* buttonDemoTests */ = {
			isa = PBXGroup;
			children = (
				DCDF234B259763890097B7A1 /* buttonDemoTests.swift */,
				DCDF234D259763890097B7A1 /* Info.plist */,
			);
			path = buttonDemoTests;
			sourceTree = "<group>";
		};
		DCDF2355259763890097B7A1 /* buttonDemoUITests */ = {
			isa = PBXGroup;
			children = (
				DCDF2356259763890097B7A1 /* buttonDemoUITests.swift */,
				DCDF2358259763890097B7A1 /* Info.plist */,
			);
			path = buttonDemoUITests;
			sourceTree = "<group>";
		};
/* End PBXGroup section */

/* Begin PBXNativeTarget section */
		DCDF2330259763860097B7A1 /* buttonDemo */ = {
			isa = PBXNativeTarget;
			buildConfigurationList = DCDF235B259763890097B7A1 /* Build configuration list for PBXNativeTarget "buttonDemo" */;
			buildPhases = (
				DCDF232D259763860097B7A1 /* Sources */,
				DCDF232E259763860097B7A1 /* Frameworks */,
				DCDF232F259763860097B7A1 /* Resources */,
			);
			buildRules = (
			);
			dependencies = (
			);
			name = buttonDemo;
			productName = buttonDemo;
			productReference = DCDF2331259763860097B7A1 /* buttonDemo.app */;
			productType = "com.apple.product-type.application";
		};
		DCDF2346259763890097B7A1 /* buttonDemoTests */ = {
			isa = PBXNativeTarget;
			buildConfigurationList = DCDF235E259763890097B7A1 /* Build configuration list for PBXNativeTarget "buttonDemoTests" */;
			buildPhases = (
				DCDF2343259763890097B7A1 /* Sources */,
				DCDF2344259763890097B7A1 /* Frameworks */,
				DCDF2345259763890097B7A1 /* Resources */,
			);
			buildRules = (
			);
			dependencies = (
				DCDF2349259763890097B7A1 /* PBXTargetDependency */,
			);
			name = buttonDemoTests;
			productName = buttonDemoTests;
			productReference = DCDF2347259763890097B7A1 /* buttonDemoTests.xctest */;
			productType = "com.apple.product-type.bundle.unit-test";
		};
		DCDF2351259763890097B7A1 /* buttonDemoUITests */ = {
			isa = PBXNativeTarget;
			buildConfigurationList = DCDF2361259763890097B7A1 /* Build configuration list for PBXNativeTarget "buttonDemoUITests" */;
			buildPhases = (
				DCDF234E259763890097B7A1 /* Sources */,
				DCDF234F259763890097B7A1 /* Frameworks */,
				DCDF2350259763890097B7A1 /* Resources */,
			);
			buildRules = (
			);
			dependencies = (
				DCDF2354259763890097B7A1 /* PBXTargetDependency */,
			);
			name = buttonDemoUITests;
			productName = buttonDemoUITests;
			productReference = DCDF2352259763890097B7A1 /* buttonDemoUITests.xctest */;
			productType = "com.apple.product-type.bundle.ui-testing";
		};
/* End PBXNativeTarget section */

/* Begin PBXProject section */
		DCDF2329259763860097B7A1 /* Project object */ = {
			isa = PBXProject;
			attributes = {
				LastSwiftUpdateCheck = 1110;
				LastUpgradeCheck = 1110;
				ORGANIZATIONNAME = "Luuk de Jonge";
				TargetAttributes = {
					DCDF2330259763860097B7A1 = {
						CreatedOnToolsVersion = 11.1;
					};
					DCDF2346259763890097B7A1 = {
						CreatedOnToolsVersion = 11.1;
						TestTargetID = DCDF2330259763860097B7A1;
					};
					DCDF2351259763890097B7A1 = {
						CreatedOnToolsVersion = 11.1;
						TestTargetID = DCDF2330259763860097B7A1;
					};
				};
			};
			buildConfigurationList = DCDF232C259763860097B7A1 /* Build configuration list for PBXProject "buttonDemo" */;
			compatibilityVersion = "Xcode 9.3";
			developmentRegion = en;
			hasScannedForEncodings = 0;
			knownRegions = (
				en,
				Base,
			);
			mainGroup = DCDF2328259763860097B7A1;
			productRefGroup = DCDF2332259763860097B7A1 /* Products */;
			projectDirPath = "";
			projectRoot = "";
			targets = (
				DCDF2330259763860097B7A1 /* buttonDemo */,
				DCDF2346259763890097B7A1 /* buttonDemoTests */,
				DCDF2351259763890097B7A1 /* buttonDemoUITests */,
			);
		};
/* End PBXProject section */

/* Begin PBXResourcesBuildPhase section */
		DCDF232F259763860097B7A1 /* Resources */ = {
			isa = PBXResourcesBuildPhase;
			buildActionMask = 2147483647;
			files = (
				DCDF2341259763890097B7A1 /* LaunchScreen.storyboard in Resources */,
				DCDF233E259763890097B7A1 /* Preview Assets.xcassets in Resources */,
				DCDF233B259763890097B7A1 /* Assets.xcassets in Resources */,
			);
			runOnlyForDeploymentPostprocessing = 0;
		};
		DCDF2345259763890097B7A1 /* Resources */ = {
			isa = PBXResourcesBuildPhase;
			buildActionMask = 2147483647;
			files = (
			);
			runOnlyForDeploymentPostprocessing = 0;
		};
		DCDF2350259763890097B7A1 /* Resources */ = {
			isa = PBXResourcesBuildPhase;
			buildActionMask = 2147483647;
			files = (
			);
			runOnlyForDeploymentPostprocessing = 0;
		};
/* End PBXResourcesBuildPhase section */

/* Begin PBXSourcesBuildPhase section */
		DCDF232D259763860097B7A1 /* Sources */ = {
			isa = PBXSourcesBuildPhase;
			buildActionMask = 2147483647;
			files = (
				DCDF2335259763860097B7A1 /* AppDelegate.swift in Sources */,
				DCDF2337259763860097B7A1 /* SceneDelegate.swift in Sources */,
				DCDF2339259763860097B7A1 /* ContentView.swift in Sources */,
			);
			runOnlyForDeploymentPostprocessing = 0;
		};
		DCDF2343259763890097B7A1 /* Sources */ = {
			isa = PBXSourcesBuildPhase;
			buildActionMask = 2147483647;
			files = (
				DCDF234C259763890097B7A1 /* buttonDemoTests.swift in Sources */,
			);
			runOnlyForDeploymentPostprocessing = 0;
		};
		DCDF234E259763890097B7A1 /* Sources */ = {
			isa = PBXSourcesBuildPhase;
			buildActionMask = 2147483647;
			files = (
				DCDF2357259763890097B7A1 /* buttonDemoUITests.swift in Sources */,
			);
			runOnlyForDeploymentPostprocessing = 0;
		};
/* End PBXSourcesBuildPhase section */

/* Begin PBXTargetDependency section */
		DCDF2349259763890097B7A1 /* PBXTargetDependency */ = {
			isa = PBXTargetDependency;
			target = DCDF2330259763860097B7A1 /* buttonDemo */;
			targetProxy = DCDF2348259763890097B7A1 /* PBXContainerItemProxy */;
		};
		DCDF2354259763890097B7A1 /* PBXTargetDependency */ = {
			isa = PBXTargetDependency;
			target = DCDF2330259763860097B7A1 /* buttonDemo */;
			targetProxy = DCDF2353259763890097B7A1 /* PBXContainerItemProxy */;
		};
/* End PBXTargetDependency section */

/* Begin PBXVariantGroup section */
		DCDF233F259763890097B7A1 /* LaunchScreen.storyboard */ = {
			isa = PBXVariantGroup;
			children = (
				DCDF2340259763890097B7A1 /* Base */,
			);
			name = LaunchScreen.storyboard;
			sourceTree = "<group>";
		};
/* End PBXVariantGroup section */

/* Begin XCBuildConfiguration section */
		DCDF2359259763890097B7A1 /* Debug */ = {
			isa = XCBuildConfiguration;
			buildSettings = {
				ALWAYS_SEARCH_USER_PATHS = NO;
				CLANG_ANALYZER_NONNULL = YES;
				CLANG_ANALYZER_NUMBER_OBJECT_CONVERSION = YES_AGGRESSIVE;
				CLANG_CXX_LANGUAGE_STANDARD = "gnu++14";
				CLANG_CXX_LIBRARY = "libc++";
				CLANG_ENABLE_MODULES = YES;
				CLANG_ENABLE_OBJC_ARC = YES;
				CLANG_ENABLE_OBJC_WEAK = YES;
				CLANG_WARN_BLOCK_CAPTURE_AUTORELEASING = YES;
				CLANG_WARN_BOOL_CONVERSION = YES;
				CLANG_WARN_COMMA = YES;
				CLANG_WARN_CONSTANT_CONVERSION = YES;
				CLANG_WARN_DEPRECATED_OBJC_IMPLEMENTATIONS = YES;
				CLANG_WARN_DIRECT_OBJC_ISA_USAGE = YES_ERROR;
				CLANG_WARN_DOCUMENTATION_COMMENTS = YES;
				CLANG_WARN_EMPTY_BODY = YES;
				CLANG_WARN_ENUM_CONVERSION = YES;
				CLANG_WARN_INFINITE_RECURSION = YES;
				CLANG_WARN_INT_CONVERSION = YES;
				CLANG_WARN_NON_LITERAL_NULL_CONVERSION = YES;
				CLANG_WARN_OBJC_IMPLICIT_RETAIN_SELF = YES;
				CLANG_WARN_OBJC_LITERAL_CONVERSION = YES;
				CLANG_WARN_OBJC_ROOT_CLASS = YES_ERROR;
				CLANG_WARN_RANGE_LOOP_ANALYSIS = YES;
				CLANG_WARN_STRICT_PROTOTYPES = YES;
				CLANG_WARN_SUSPICIOUS_MOVE = YES;
				CLANG_WARN_UNGUARDED_AVAILABILITY = YES_AGGRESSIVE;
				CLANG_WARN_UNREACHABLE_CODE = YES;
				CLANG_WARN__DUPLICATE_METHOD_MATCH = YES;
				COPY_PHASE_STRIP = NO;
				DEBUG_INFORMATION_FORMAT = dwarf;
				ENABLE_STRICT_OBJC_MSGSEND = YES;
				ENABLE_TESTABILITY = YES;
				GCC_C_LANGUAGE_STANDARD = gnu11;
				GCC_DYNAMIC_NO_PIC = NO;
				GCC_NO_COMMON_BLOCKS = YES;
				GCC_OPTIMIZATION_LEVEL = 0;
				GCC_PREPROCESSOR_DEFINITIONS = (
					"DEBUG=1",
					"$(inherited)",
				);
				GCC_WARN_64_TO_32_BIT_CONVERSION = YES;
				GCC_WARN_ABOUT_RETURN_TYPE = YES_ERROR;
				GCC_WARN_UNDECLARED_SELECTOR = YES;
				GCC_WARN_UNINITIALIZED_AUTOS = YES_AGGRESSIVE;
				GCC_WARN_UNUSED_FUNCTION = YES;
				GCC_WARN_UNUSED_VARIABLE = YES;
				IPHONEOS_DEPLOYMENT_TARGET = 13.1;
				MTL_ENABLE_DEBUG_INFO = INCLUDE_SOURCE;
				MTL_FAST_MATH = YES;
				ONLY_ACTIVE_ARCH = YES;
				SDKROOT = iphoneos;
				SWIFT_ACTIVE_COMPILATION_CONDITIONS = DEBUG;
				SWIFT_OPTIMIZATION_LEVEL = "-Onone";
			};
			name = Debug;
		};
		DCDF235A259763890097B7A1 /* Release */ = {
			isa = XCBuildConfiguration;
			buildSettings = {
				ALWAYS_SEARCH_USER_PATHS = NO;
				CLANG_ANALYZER_NONNULL = YES;
				CLANG_ANALYZER_NUMBER_OBJECT_CONVERSION = YES_AGGRESSIVE;
				CLANG_CXX_LANGUAGE_STANDARD = "gnu++14";
				CLANG_CXX_LIBRARY = "libc++";
				CLANG_ENABLE_MODULES = YES;
				CLANG_ENABLE_OBJC_ARC = YES;
				CLANG_ENABLE_OBJC_WEAK = YES;
				CLANG_WARN_BLOCK_CAPTURE_AUTORELEASING = YES;
				CLANG_WARN_BOOL_CONVERSION = YES;
				CLANG_WARN_COMMA = YES;
				CLANG_WARN_CONSTANT_CONVERSION = YES;
				CLANG_WARN_DEPRECATED_OBJC_IMPLEMENTATIONS = YES;
				CLANG_WARN_DIRECT_OBJC_ISA_USAGE = YES_ERROR;
				CLANG_WARN_DOCUMENTATION_COMMENTS = YES;
				CLANG_WARN_EMPTY_BODY = YES;
				CLANG_WARN_ENUM_CONVERSION = YES;
				CLANG_WARN_INFINITE_RECURSION = YES;
				CLANG_WARN_INT_CONVERSION = YES;
				CLANG_WARN_NON_LITERAL_NULL_CONVERSION = YES;
				CLANG_WARN_OBJC_IMPLICIT_RETAIN_SELF = YES;
				CLANG_WARN_OBJC_LITERAL_CONVERSION = YES;
				CLANG_WARN_OBJC_ROOT_CLASS = YES_ERROR;
				CLANG_WARN_RANGE_LOOP_ANALYSIS = YES;
				CLANG_WARN_STRICT_PROTOTYPES = YES;
				CLANG_WARN_SUSPICIOUS_MOVE = YES;
				CLANG_WARN_UNGUARDED_AVAILABILITY = YES_AGGRESSIVE;
				CLANG_WARN_UNREACHABLE_CODE = YES;
				CLANG_WARN__DUPLICATE_METHOD_MATCH = YES;
				COPY_PHASE_STRIP = NO;
				DEBUG_INFORMATION_FORMAT = "dwarf-with-dsym";
				ENABLE_NS_ASSERTIONS = NO;
				ENABLE_STRICT_OBJC_MSGSEND = YES;
				GCC_C_LANGUAGE_STANDARD = gnu11;
				GCC_NO_COMMON_BLOCKS = YES;
				GCC_WARN_64_TO_32_BIT_CONVERSION = YES;
				GCC_WARN_ABOUT_RETURN_TYPE = YES_ERROR;
				GCC_WARN_UNDECLARED_SELECTOR = YES;
				GCC_WARN_UNINITIALIZED_AUTOS = YES_AGGRESSIVE;
				GCC_WARN_UNUSED_FUNCTION = YES;
				GCC_WARN_UNUSED_VARIABLE = YES;
				IPHONEOS_DEPLOYMENT_TARGET = 13.1;
				MTL_ENABLE_DEBUG_INFO = NO;
				MTL_FAST_MATH = YES;
				SDKROOT = iphoneos;
				SWIFT_COMPILATION_MODE = wholemodule;
				SWIFT_OPTIMIZATION_LEVEL = "-O";
				VALIDATE_PRODUCT = YES;
			};
			name = Release;
		};
		DCDF235C259763890097B7A1 /* Debug */ = {
			isa = XCBuildConfiguration;
			buildSettings = {
				ASSETCATALOG_COMPILER_APPICON_NAME = AppIcon;
				CODE_SIGN_STYLE = Automatic;
				DEVELOPMENT_ASSET_PATHS = "\"buttonDemo/Preview Content\"";
				DEVELOPMENT_TEAM = YA4V27J44X;
				ENABLE_PREVIEWS = YES;
				INFOPLIST_FILE = buttonDemo/Info.plist;
				LD_RUNPATH_SEARCH_PATHS = (
					"$(inherited)",
					"@executable_path/Frameworks",
				);
				PRODUCT_BUNDLE_IDENTIFIER = luuk.buttonDemo;
				PRODUCT_NAME = "$(TARGET_NAME)";
				SWIFT_VERSION = 5.0;
				TARGETED_DEVICE_FAMILY = "1,2";
			};
			name = Debug;
		};
		DCDF235D259763890097B7A1 /* Release */ = {
			isa = XCBuildConfiguration;
			buildSettings = {
				ASSETCATALOG_COMPILER_APPICON_NAME = AppIcon;
				CODE_SIGN_STYLE = Automatic;
				DEVELOPMENT_ASSET_PATHS = "\"buttonDemo/Preview Content\"";
				DEVELOPMENT_TEAM = YA4V27J44X;
				ENABLE_PREVIEWS = YES;
				INFOPLIST_FILE = buttonDemo/Info.plist;
				LD_RUNPATH_SEARCH_PATHS = (
					"$(inherited)",
					"@executable_path/Frameworks",
				);
				PRODUCT_BUNDLE_IDENTIFIER = luuk.buttonDemo;
				PRODUCT_NAME = "$(TARGET_NAME)";
				SWIFT_VERSION = 5.0;
				TARGETED_DEVICE_FAMILY = "1,2";
			};
			name = Release;
		};
		DCDF235F259763890097B7A1 /* Debug */ = {
			isa = XCBuildConfiguration;
			buildSettings = {
				ALWAYS_EMBED_SWIFT_STANDARD_LIBRARIES = YES;
				BUNDLE_LOADER = "$(TEST_HOST)";
				CODE_SIGN_STYLE = Automatic;
				DEVELOPMENT_TEAM = YA4V27J44X;
				INFOPLIST_FILE = buttonDemoTests/Info.plist;
				IPHONEOS_DEPLOYMENT_TARGET = 13.1;
				LD_RUNPATH_SEARCH_PATHS = (
					"$(inherited)",
					"@executable_path/Frameworks",
					"@loader_path/Frameworks",
				);
				PRODUCT_BUNDLE_IDENTIFIER = luuk.buttonDemoTests;
				PRODUCT_NAME = "$(TARGET_NAME)";
				SWIFT_VERSION = 5.0;
				TARGETED_DEVICE_FAMILY = "1,2";
				TEST_HOST = "$(BUILT_PRODUCTS_DIR)/buttonDemo.app/buttonDemo";
			};
			name = Debug;
		};
		DCDF2360259763890097B7A1 /* Release */ = {
			isa = XCBuildConfiguration;
			buildSettings = {
				ALWAYS_EMBED_SWIFT_STANDARD_LIBRARIES = YES;
				BUNDLE_LOADER = "$(TEST_HOST)";
				CODE_SIGN_STYLE = Automatic;
				DEVELOPMENT_TEAM = YA4V27J44X;
				INFOPLIST_FILE = buttonDemoTests/Info.plist;
				IPHONEOS_DEPLOYMENT_TARGET = 13.1;
				LD_RUNPATH_SEARCH_PATHS = (
					"$(inherited)",
					"@executable_path/Frameworks",
					"@loader_path/Frameworks",
				);
				PRODUCT_BUNDLE_IDENTIFIER = luuk.buttonDemoTests;
				PRODUCT_NAME = "$(TARGET_NAME)";
				SWIFT_VERSION = 5.0;
				TARGETED_DEVICE_FAMILY = "1,2";
				TEST_HOST = "$(BUILT_PRODUCTS_DIR)/buttonDemo.app/buttonDemo";
			};
			name = Release;
		};
		DCDF2362259763890097B7A1 /* Debug */ = {
			isa = XCBuildConfiguration;
			buildSettings = {
				ALWAYS_EMBED_SWIFT_STANDARD_LIBRARIES = YES;
				CODE_SIGN_STYLE = Automatic;
				DEVELOPMENT_TEAM = YA4V27J44X;
				INFOPLIST_FILE = buttonDemoUITests/Info.plist;
				LD_RUNPATH_SEARCH_PATHS = (
					"$(inherited)",
					"@executable_path/Frameworks",
					"@loader_path/Frameworks",
				);
				PRODUCT_BUNDLE_IDENTIFIER = luuk.buttonDemoUITests;
				PRODUCT_NAME = "$(TARGET_NAME)";
				SWIFT_VERSION = 5.0;
				TARGETED_DEVICE_FAMILY = "1,2";
				TEST_TARGET_NAME = buttonDemo;
			};
			name = Debug;
		};
		DCDF2363259763890097B7A1 /* Release */ = {
			isa = XCBuildConfiguration;
			buildSettings = {
				ALWAYS_EMBED_SWIFT_STANDARD_LIBRARIES = YES;
				CODE_SIGN_STYLE = Automatic;
				DEVELOPMENT_TEAM = YA4V27J44X;
				INFOPLIST_FILE = buttonDemoUITests/Info.plist;
				LD_RUNPATH_SEARCH_PATHS = (
					"$(inherited)",
					"@executable_path/Frameworks",
					"@loader_path/Frameworks",
				);
				PRODUCT_BUNDLE_IDENTIFIER = luuk.buttonDemoUITests;
				PRODUCT_NAME = "$(TARGET_NAME)";
				SWIFT_VERSION = 5.0;
				TARGETED_DEVICE_FAMILY = "1,2";
				TEST_TARGET_NAME = buttonDemo;
			};
			name = Release;
		};
/* End XCBuildConfiguration section */

/* Begin XCConfigurationList section */
		DCDF232C259763860097B7A1 /* Build configuration list for PBXProject "buttonDemo" */ = {
			isa = XCConfigurationList;
			buildConfigurations = (
				DCDF2359259763890097B7A1 /* Debug */,
				DCDF235A259763890097B7A1 /* Release */,
			);
			defaultConfigurationIsVisible = 0;
			defaultConfigurationName = Release;
		};
		DCDF235B259763890097B7A1 /* Build configuration list for PBXNativeTarget "buttonDemo" */ = {
			isa = XCConfigurationList;
			buildConfigurations = (
				DCDF235C259763890097B7A1 /* Debug */,
				DCDF235D259763890097B7A1 /* Release */,
			);
			defaultConfigurationIsVisible = 0;
			defaultConfigurationName = Release;
		};
		DCDF235E259763890097B7A1 /* Build configuration list for PBXNativeTarget "buttonDemoTests" */ = {
			isa = XCConfigurationList;
			buildConfigurations = (
				DCDF235F259763890097B7A1 /* Debug */,
				DCDF2360259763890097B7A1 /* Release */,
			);
			defaultConfigurationIsVisible = 0;
			defaultConfigurationName = Release;
		};
		DCDF2361259763890097B7A1 /* Build configuration list for PBXNativeTarget "buttonDemoUITests" */ = {
			isa = XCConfigurationList;
			buildConfigurations = (
				DCDF2362259763890097B7A1 /* Debug */,
				DCDF2363259763890097B7A1 /* Release */,
			);
			defaultConfigurationIsVisible = 0;
			defaultConfigurationName = Release;
		};
/* End XCConfigurationList section */
	};
	rootObject = DCDF2329259763860097B7A1 /* Project object */;
}
